<?xml version="1.0" encoding="utf-8"?>
<Project ToolsVersion="4.0" xmlns="http://schemas.microsoft.com/developer/msbuild/2003">
  <ItemGroup>
    <Filter Include="Source Files">
      <UniqueIdentifier>{4FC737F1-C7A5-4376-A066-2A32D752A2FF}</UniqueIdentifier>
      <Extensions>cpp;c;cc;cxx;def;odl;idl;hpj;bat;asm;asmx</Extensions>
    </Filter>
    <Filter Include="Header Files">
      <UniqueIdentifier>{93995380-89BD-4b04-88EB-625FBE52EBFB}</UniqueIdentifier>
      <Extensions>h;hh;hpp;hxx;hm;inl;inc;xsd</Extensions>
    </Filter>
    <Filter Include="Resource Files">
      <UniqueIdentifier>{67DA6AB6-F800-4c08-8B7A-83BB121AAD01}</UniqueIdentifier>
      <Extensions>qrc;rc;ico;cur;bmp;dlg;rc2;rct;bin;rgs;gif;jpg;jpeg;jpe;resx;tiff;tif;png;wav;mfcribbon-ms</Extensions>
    </Filter>
    <Filter Include="Translation Files">
      <UniqueIdentifier>{639EADAA-A684-42e4-A9AD-28FC9BCB8F7C}</UniqueIdentifier>
      <Extensions>ts</Extensions>
    </Filter>
  </ItemGroup>
  <ItemGroup>
    <ClCompile Include="main.cpp">
      <Filter>Source Files</Filter>
    </ClCompile>
    <ClCompile Include="TestChallenges.cpp">
      <Filter>Source Files</Filter>
    </ClCompile>
    <ClCompile Include="AlphabetSorter.cpp">
      <Filter>Source Files</Filter>
    </ClCompile>
    <ClCompile Include="MathSequence.cpp">
      <Filter>Source Files</Filter>
    </ClCompile>
    <ClCompile Include="NumberCheck.cpp">
      <Filter>Source Files</Filter>
    </ClCompile>
    <ClCompile Include="MathFibonacci.cpp">
      <Filter>Source Files</Filter>
    </ClCompile>
    <ClCompile Include="StringIntersection.cpp">
      <Filter>Source Files</Filter>
    </ClCompile>
    <ClCompile Include="MathFactorial.cpp">
      <Filter>Source Files</Filter>
    </ClCompile>
    <ClCompile Include="StringReverse.cpp">
      <Filter>Source Files</Filter>
    </ClCompile>
    <ClCompile Include="StringLetterChanges.cpp">
      <Filter>Source Files</Filter>
    </ClCompile>
    <ClCompile Include="StringWordLength.cpp">
      <Filter>Source Files</Filter>
    </ClCompile>
    <ClCompile Include="StringPalindrome.cpp">
      <Filter>Source Files</Filter>
    </ClCompile>
    <ClCompile Include="MathExponentTwo.cpp">
      <Filter>Source Files</Filter>
    </ClCompile>
    <ClCompile Include="MathProduct.cpp">
      <Filter>Source Files</Filter>
    </ClCompile>
  </ItemGroup>
  <ItemGroup>
    <QtMoc Include="TestChallenges.h">
      <Filter>Header Files</Filter>
    </QtMoc>
    <QtMoc Include="AlphabetSorter.h">
      <Filter>Header Files</Filter>
    </QtMoc>
    <QtMoc Include="NumberCheck.h">
      <Filter>Header Files</Filter>
    </QtMoc>
    <QtMoc Include="MathFibonacci.h">
      <Filter>Header Files</Filter>
    </QtMoc>
    <QtMoc Include="StringIntersection.h">
      <Filter>Header Files</Filter>
    </QtMoc>
    <QtMoc Include="MathFactorial.h">
      <Filter>Header Files</Filter>
    </QtMoc>
    <QtMoc Include="StringReverse.h">
      <Filter>Header Files</Filter>
    </QtMoc>
    <QtMoc Include="StringLetterChanges.h">
      <Filter>Header Files</Filter>
    </QtMoc>
    <QtMoc Include="StringWordLength.h">
      <Filter>Header Files</Filter>
    </QtMoc>
    <QtMoc Include="StringPalindrome.h">
      <Filter>Header Files</Filter>
    </QtMoc>
    <QtMoc Include="MathExponentTwo.h">
      <Filter>Header Files</Filter>
    </QtMoc>
    <QtMoc Include="MathProduct.h">
      <Filter>Header Files</Filter>
    </QtMoc>
  </ItemGroup>
  <ItemGroup>
    <Text Include="ChallengesList_1Easy.txt" />
    <Text Include="ChallengesList_2Medium.txt" />
    <Text Include="ChallengesList_3Hard.txt" />
  </ItemGroup>
  <ItemGroup>
    <ClInclude Include="MathSequence.h">
      <Filter>Header Files</Filter>
    </ClInclude>
  </ItemGroup>
</Project>